
Microsoft Visual Studio Solution File, Format Version 12.00
# Visual Studio Version 18
VisualStudioVersion = 18.6.11822.322 stable
MinimumVisualStudioVersion = 10.0.40219.1
Project("{FAE04EC0-301F-11D3-BF4B-00C04F79EFBC}") = "Radar", "Radar.csproj", "{8080F34C-47BA-78B1-3A95-DBA5643167ED}"
EndProject
Global
	GlobalSection(SolutionConfigurationPlatforms) = preSolution
		Debug|Any CPU = Debug|Any CPU
		Release|Any CPU = Release|Any CPU
	EndGlobalSection
	GlobalSection(ProjectConfigurationPlatforms) = postSolution
		{8080F34C-47BA-78B1-3A95-DBA5643167ED}.Debug|Any CPU.ActiveCfg = Debug|Any CPU
		{8080F34C-47BA-78B1-3A95-DBA5643167ED}.Debug|Any CPU.Build.0 = Debug|Any CPU
		{8080F34C-47BA-78B1-3A95-DBA5643167ED}.Release|Any CPU.ActiveCfg = Release|Any CPU
		{8080F34C-47BA-78B1-3A95-DBA5643167ED}.Release|Any CPU.Build.0 = Release|Any CPU
	EndGlobalSection
	GlobalSection(SolutionProperties) = preSolution
		HideSolutionNode = FALSE
	EndGlobalSection
	GlobalSection(ExtensibilityGlobals) = postSolution
		SolutionGuid = {36AF7D50-6C27-424B-8B84-0666BAE39F01}
	EndGlobalSection
EndGlobal
